
Microsoft Visual Studio Solution File, Format Version 12.00
# Visual Studio 14
VisualStudioVersion = 14.0.25420.1
MinimumVisualStudioVersion = 10.0.40219.1
Project("{8BC9CEB8-8B4A-11D0-8D11-00A0C91BC942}") = "DataStructure", "DataStructure\DataStructure.vcxproj", "{7CC4F005-1CEF-4359-B170-02FDD4EFA410}"
EndProject
Project("{8BC9CEB8-8B4A-11D0-8D11-00A0C91BC942}") = "PracticingProgramming", "PracticingProgramming\PracticingProgramming.vcxproj", "{9EAF6074-0601-4242-ADC5-E118602B08A5}"
EndProject
Project("{8BC9CEB8-8B4A-11D0-8D11-00A0C91BC942}") = "Exercise", "Exercise\Exercise.vcxproj", "{817647CA-7B27-4B56-A759-1226CDB7AA60}"
EndProject
Project("{8BC9CEB8-8B4A-11D0-8D11-00A0C91BC942}") = "Sample", "Sample\Sample.vcxproj", "{1C44352D-813C-4D58-8A2B-3FEA8D1D3167}"
EndProject
Project("{8BC9CEB8-8B4A-11D0-8D11-00A0C91BC942}") = "Example", "Example\Example.vcxproj", "{371BECF4-6C6E-4387-9C0D-53A4A3968AD7}"
EndProject
Global
	GlobalSection(SolutionConfigurationPlatforms) = preSolution
		Debug|x64 = Debug|x64
		Debug|x86 = Debug|x86
		Release|x64 = Release|x64
		Release|x86 = Release|x86
	EndGlobalSection
	GlobalSection(ProjectConfigurationPlatforms) = postSolution
		{7CC4F005-1CEF-4359-B170-02FDD4EFA410}.Debug|x64.ActiveCfg = Debug|x64
		{7CC4F005-1CEF-4359-B170-02FDD4EFA410}.Debug|x64.Build.0 = Debug|x64
		{7CC4F005-1CEF-4359-B170-02FDD4EFA410}.Debug|x86.ActiveCfg = Debug|Win32
		{7CC4F005-1CEF-4359-B170-02FDD4EFA410}.Debug|x86.Build.0 = Debug|Win32
		{7CC4F005-1CEF-4359-B170-02FDD4EFA410}.Release|x64.ActiveCfg = Release|x64
		{7CC4F005-1CEF-4359-B170-02FDD4EFA410}.Release|x64.Build.0 = Release|x64
		{7CC4F005-1CEF-4359-B170-02FDD4EFA410}.Release|x86.ActiveCfg = Release|Win32
		{7CC4F005-1CEF-4359-B170-02FDD4EFA410}.Release|x86.Build.0 = Release|Win32
		{9EAF6074-0601-4242-ADC5-E118602B08A5}.Debug|x64.ActiveCfg = Debug|x64
		{9EAF6074-0601-4242-ADC5-E118602B08A5}.Debug|x64.Build.0 = Debug|x64
		{9EAF6074-0601-4242-ADC5-E118602B08A5}.Debug|x86.ActiveCfg = Debug|Win32
		{9EAF6074-0601-4242-ADC5-E118602B08A5}.Debug|x86.Build.0 = Debug|Win32
		{9EAF6074-0601-4242-ADC5-E118602B08A5}.Release|x64.ActiveCfg = Release|x64
		{9EAF6074-0601-4242-ADC5-E118602B08A5}.Release|x64.Build.0 = Release|x64
		{9EAF6074-0601-4242-ADC5-E118602B08A5}.Release|x86.ActiveCfg = Release|Win32
		{9EAF6074-0601-4242-ADC5-E118602B08A5}.Release|x86.Build.0 = Release|Win32
		{817647CA-7B27-4B56-A759-1226CDB7AA60}.Debug|x64.ActiveCfg = Debug|x64
		{817647CA-7B27-4B56-A759-1226CDB7AA60}.Debug|x64.Build.0 = Debug|x64
		{817647CA-7B27-4B56-A759-1226CDB7AA60}.Debug|x86.ActiveCfg = Debug|Win32
		{817647CA-7B27-4B56-A759-1226CDB7AA60}.Debug|x86.Build.0 = Debug|Win32
		{817647CA-7B27-4B56-A759-1226CDB7AA60}.Release|x64.ActiveCfg = Release|x64
		{817647CA-7B27-4B56-A759-1226CDB7AA60}.Release|x64.Build.0 = Release|x64
		{817647CA-7B27-4B56-A759-1226CDB7AA60}.Release|x86.ActiveCfg = Release|Win32
		{817647CA-7B27-4B56-A759-1226CDB7AA60}.Release|x86.Build.0 = Release|Win32
		{1C44352D-813C-4D58-8A2B-3FEA8D1D3167}.Debug|x64.ActiveCfg = Debug|x64
		{1C44352D-813C-4D58-8A2B-3FEA8D1D3167}.Debug|x64.Build.0 = Debug|x64
		{1C44352D-813C-4D58-8A2B-3FEA8D1D3167}.Debug|x86.ActiveCfg = Debug|Win32
		{1C44352D-813C-4D58-8A2B-3FEA8D1D3167}.Debug|x86.Build.0 = Debug|Win32
		{1C44352D-813C-4D58-8A2B-3FEA8D1D3167}.Release|x64.ActiveCfg = Release|x64
		{1C44352D-813C-4D58-8A2B-3FEA8D1D3167}.Release|x64.Build.0 = Release|x64
		{1C44352D-813C-4D58-8A2B-3FEA8D1D3167}.Release|x86.ActiveCfg = Release|Win32
		{1C44352D-813C-4D58-8A2B-3FEA8D1D3167}.Release|x86.Build.0 = Release|Win32
		{371BECF4-6C6E-4387-9C0D-53A4A3968AD7}.Debug|x64.ActiveCfg = Debug|x64
		{371BECF4-6C6E-4387-9C0D-53A4A3968AD7}.Debug|x64.Build.0 = Debug|x64
		{371BECF4-6C6E-4387-9C0D-53A4A3968AD7}.Debug|x86.ActiveCfg = Debug|Win32
		{371BECF4-6C6E-4387-9C0D-53A4A3968AD7}.Debug|x86.Build.0 = Debug|Win32
		{371BECF4-6C6E-4387-9C0D-53A4A3968AD7}.Release|x64.ActiveCfg = Release|x64
		{371BECF4-6C6E-4387-9C0D-53A4A3968AD7}.Release|x64.Build.0 = Release|x64
		{371BECF4-6C6E-4387-9C0D-53A4A3968AD7}.Release|x86.ActiveCfg = Release|Win32
		{371BECF4-6C6E-4387-9C0D-53A4A3968AD7}.Release|x86.Build.0 = Release|Win32
	EndGlobalSection
	GlobalSection(SolutionProperties) = preSolution
		HideSolutionNode = FALSE
	EndGlobalSection
EndGlobal
